
Microsoft Visual Studio Solution File, Format Version 12.00
# Visual Studio Version 17
VisualStudioVersion = 17.6.33829.357
MinimumVisualStudioVersion = 10.0.40219.1
Project("{FAE04EC0-301F-11D3-BF4B-00C04F79EFBC}") = "Practical", "Practical\Practical.csproj", "{06695957-3B49-4983-B703-886A4AF9B0F6}"
EndProject
Global
	GlobalSection(SolutionConfigurationPlatforms) = preSolution
		Debug|Any CPU = Debug|Any CPU
		Release|Any CPU = Release|Any CPU
	EndGlobalSection
	GlobalSection(ProjectConfigurationPlatforms) = postSolution
		{06695957-3B49-4983-B703-886A4AF9B0F6}.Debug|Any CPU.ActiveCfg = Debug|Any CPU
		{06695957-3B49-4983-B703-886A4AF9B0F6}.Debug|Any CPU.Build.0 = Debug|Any CPU
		{06695957-3B49-4983-B703-886A4AF9B0F6}.Release|Any CPU.ActiveCfg = Release|Any CPU
		{06695957-3B49-4983-B703-886A4AF9B0F6}.Release|Any CPU.Build.0 = Release|Any CPU
	EndGlobalSection
	GlobalSection(SolutionProperties) = preSolution
		HideSolutionNode = FALSE
	EndGlobalSection
	GlobalSection(ExtensibilityGlobals) = postSolution
		SolutionGuid = {FF964F21-6186-4A33-A8EA-C25CE6868002}
	EndGlobalSection
EndGlobal
